
Microsoft Visual Studio Solution File, Format Version 12.00
# Visual Studio Version 16
VisualStudioVersion = 16.0.30804.86
MinimumVisualStudioVersion = 10.0.40219.1
Project("{FAE04EC0-301F-11D3-BF4B-00C04F79EFBC}") = "1000Threads", "1000Threads\1000Threads.csproj", "{A46C298A-4EBE-40CB-A484-6B39A2B8B3A6}"
EndProject
Global
	GlobalSection(SolutionConfigurationPlatforms) = preSolution
		Debug|Any CPU = Debug|Any CPU
		Release|Any CPU = Release|Any CPU
	EndGlobalSection
	GlobalSection(ProjectConfigurationPlatforms) = postSolution
		{A46C298A-4EBE-40CB-A484-6B39A2B8B3A6}.Debug|Any CPU.ActiveCfg = Debug|Any CPU
		{A46C298A-4EBE-40CB-A484-6B39A2B8B3A6}.Debug|Any CPU.Build.0 = Debug|Any CPU
		{A46C298A-4EBE-40CB-A484-6B39A2B8B3A6}.Release|Any CPU.ActiveCfg = Release|Any CPU
		{A46C298A-4EBE-40CB-A484-6B39A2B8B3A6}.Release|Any CPU.Build.0 = Release|Any CPU
	EndGlobalSection
	GlobalSection(SolutionProperties) = preSolution
		HideSolutionNode = FALSE
	EndGlobalSection
	GlobalSection(ExtensibilityGlobals) = postSolution
		SolutionGuid = {AD275A48-0D30-4F30-A14B-8291BE7F2914}
	EndGlobalSection
EndGlobal
